
Microsoft Visual Studio Solution File, Format Version 12.00
Project("{FAE04EC0-301F-11D3-BF4B-00C04F79EFBC}") = "Campaign.Domain", "Campaign.Domain\Campaign.Domain.csproj", "{FB306E61-104C-4BE4-BA78-5BD7D40A49CB}"
EndProject
Project("{FAE04EC0-301F-11D3-BF4B-00C04F79EFBC}") = "Campaign.Application", "Campaign.Application\Campaign.Application.csproj", "{F1F0831A-441A-4EE3-9996-29894441EE30}"
EndProject
Project("{FAE04EC0-301F-11D3-BF4B-00C04F79EFBC}") = "Campaign.Infrastructure", "Campaign.Infrastructure\Campaign.Infrastructure.csproj", "{E01A0433-AD99-43ED-BFBF-7195CCF6F5B5}"
EndProject
Project("{FAE04EC0-301F-11D3-BF4B-00C04F79EFBC}") = "Campaign.UnitTests", "Campaign.UnitTests\Campaign.UnitTests.csproj", "{9DA7F6A3-2FBF-4C29-A0C7-8BB4C4F752EB}"
EndProject
Project("{2150E333-8FDC-42A3-9474-1A3956D46DE8}") = "Campaign", "Campaign", "{96272DB3-882B-400C-9FA7-069D94685F9E}"
EndProject
Project("{2150E333-8FDC-42A3-9474-1A3956D46DE8}") = "UserManagement", "UserManagement", "{6299976C-EEB0-4E65-A6D5-231BF67BEC95}"
EndProject
Project("{2150E333-8FDC-42A3-9474-1A3956D46DE8}") = "OrderProcessing", "OrderProcessing", "{0958E13B-0E25-445A-9743-10155ECDA767}"
EndProject
Project("{2150E333-8FDC-42A3-9474-1A3956D46DE8}") = "Prize", "Prize", "{8DF92865-FBE1-44EA-B42B-4A0B97FC26E0}"
EndProject
Project("{FAE04EC0-301F-11D3-BF4B-00C04F79EFBC}") = "UserManagement.Domain", "UserManagement.Domain\UserManagement.Domain.csproj", "{28A72BEB-0155-40F3-8C0C-ACDB443B7BEB}"
EndProject
Project("{FAE04EC0-301F-11D3-BF4B-00C04F79EFBC}") = "OrderProcessing.Domain", "OrderProcessing.Domain\OrderProcessing.Domain.csproj", "{BFA698EA-B951-468B-9F7C-CD63CE9F5494}"
EndProject
Project("{FAE04EC0-301F-11D3-BF4B-00C04F79EFBC}") = "Prize.Domain", "Prize.Domain\Prize.Domain.csproj", "{3DCE037A-78D3-41C5-A36C-CA73A52540FC}"
EndProject
Project("{2150E333-8FDC-42A3-9474-1A3956D46DE8}") = "Services", "Services", "{F048EF94-70B7-46BE-85BE-A1059E68FD4B}"
EndProject
Project("{2150E333-8FDC-42A3-9474-1A3956D46DE8}") = "Contracts", "Contracts", "{712DEB21-2D87-4911-9337-E3573BDD8833}"
EndProject
Project("{FAE04EC0-301F-11D3-BF4B-00C04F79EFBC}") = "Contracts", "Contracts\Contracts.csproj", "{11400B13-AE70-4261-8EE0-F1C2DFFF4AB2}"
EndProject
Project("{FAE04EC0-301F-11D3-BF4B-00C04F79EFBC}") = "Prize.Application", "Prize.Application\Prize.Application.csproj", "{466CD852-AEEC-449D-A9F4-DFF8921B67CA}"
EndProject
Project("{FAE04EC0-301F-11D3-BF4B-00C04F79EFBC}") = "Prize.Infrastructure", "Prize.Infrastructure\Prize.Infrastructure.csproj", "{B3FA72E9-5CB0-4292-A1C3-01F2D5B290AD}"
EndProject
Project("{FAE04EC0-301F-11D3-BF4B-00C04F79EFBC}") = "OrderProcessing.Infrastructure", "OrderProcessing.Infrastructure\OrderProcessing.Infrastructure.csproj", "{2D7423D9-F8B3-4532-A3E6-CA1B8F29FE2D}"
EndProject
Project("{FAE04EC0-301F-11D3-BF4B-00C04F79EFBC}") = "OrderProcessing.Application", "OrderProcessing.Application\OrderProcessing.Application.csproj", "{516D14AE-2616-4E41-A47D-BDC87517AD63}"
EndProject
Project("{FAE04EC0-301F-11D3-BF4B-00C04F79EFBC}") = "OrderProcessing.UnitTests", "OrderProcessing.UnitTests\OrderProcessing.UnitTests.csproj", "{2F2E405E-C017-4A1A-BD12-D97C5CA5F859}"
EndProject
Project("{FAE04EC0-301F-11D3-BF4B-00C04F79EFBC}") = "OrderProcessing.Api", "OrderProcessing.Api\OrderProcessing.Api.csproj", "{9ADFC58E-FDAF-488C-B479-5DC7B5B47F1B}"
EndProject
Project("{FAE04EC0-301F-11D3-BF4B-00C04F79EFBC}") = "Campaign.Api", "Campaign.Api\Campaign.Api.csproj", "{E25B5F7E-430B-46D0-B0A2-7F461DAC4A3D}"
EndProject
Project("{FAE04EC0-301F-11D3-BF4B-00C04F79EFBC}") = "UserManagement.Api", "UserManagement.Api\UserManagement.Api.csproj", "{D7DD64C2-A617-41ED-84FF-53204DD2416C}"
EndProject
Project("{FAE04EC0-301F-11D3-BF4B-00C04F79EFBC}") = "UserManagement.Infrastructure", "UserManagement.Infrastructure\UserManagement.Infrastructure.csproj", "{268A277D-4DC7-43C3-9B8C-231A430E12D7}"
EndProject
Project("{FAE04EC0-301F-11D3-BF4B-00C04F79EFBC}") = "UserManagement.Application", "UserManagement.Application\UserManagement.Application.csproj", "{17496E0E-C31B-4CEE-8BEF-E049AF0F0649}"
EndProject
Project("{FAE04EC0-301F-11D3-BF4B-00C04F79EFBC}") = "Prize.Api", "Prize.Api\Prize.Api.csproj", "{0ACE6326-3C81-42EE-90EE-5F39E54BFE31}"
EndProject
Project("{FAE04EC0-301F-11D3-BF4B-00C04F79EFBC}") = "Prize.UnitTests", "Prize.UnitTests\Prize.UnitTests.csproj", "{37F5FDC2-E64C-4E6F-BD7D-850EEA708B4B}"
EndProject
Project("{FAE04EC0-301F-11D3-BF4B-00C04F79EFBC}") = "UserManagement.UnitTests", "UserManagement.UnitTests\UserManagement.UnitTests.csproj", "{4DE7FF85-C7A6-4CF8-BD2F-59F96B282E43}"
EndProject
Global
	GlobalSection(SolutionConfigurationPlatforms) = preSolution
		Debug|Any CPU = Debug|Any CPU
		Release|Any CPU = Release|Any CPU
	EndGlobalSection
	GlobalSection(ProjectConfigurationPlatforms) = postSolution
		{FB306E61-104C-4BE4-BA78-5BD7D40A49CB}.Debug|Any CPU.ActiveCfg = Debug|Any CPU
		{FB306E61-104C-4BE4-BA78-5BD7D40A49CB}.Debug|Any CPU.Build.0 = Debug|Any CPU
		{FB306E61-104C-4BE4-BA78-5BD7D40A49CB}.Release|Any CPU.ActiveCfg = Release|Any CPU
		{FB306E61-104C-4BE4-BA78-5BD7D40A49CB}.Release|Any CPU.Build.0 = Release|Any CPU
		{F1F0831A-441A-4EE3-9996-29894441EE30}.Debug|Any CPU.ActiveCfg = Debug|Any CPU
		{F1F0831A-441A-4EE3-9996-29894441EE30}.Debug|Any CPU.Build.0 = Debug|Any CPU
		{F1F0831A-441A-4EE3-9996-29894441EE30}.Release|Any CPU.ActiveCfg = Release|Any CPU
		{F1F0831A-441A-4EE3-9996-29894441EE30}.Release|Any CPU.Build.0 = Release|Any CPU
		{E01A0433-AD99-43ED-BFBF-7195CCF6F5B5}.Debug|Any CPU.ActiveCfg = Debug|Any CPU
		{E01A0433-AD99-43ED-BFBF-7195CCF6F5B5}.Debug|Any CPU.Build.0 = Debug|Any CPU
		{E01A0433-AD99-43ED-BFBF-7195CCF6F5B5}.Release|Any CPU.ActiveCfg = Release|Any CPU
		{E01A0433-AD99-43ED-BFBF-7195CCF6F5B5}.Release|Any CPU.Build.0 = Release|Any CPU
		{9DA7F6A3-2FBF-4C29-A0C7-8BB4C4F752EB}.Debug|Any CPU.ActiveCfg = Debug|Any CPU
		{9DA7F6A3-2FBF-4C29-A0C7-8BB4C4F752EB}.Debug|Any CPU.Build.0 = Debug|Any CPU
		{9DA7F6A3-2FBF-4C29-A0C7-8BB4C4F752EB}.Release|Any CPU.ActiveCfg = Release|Any CPU
		{9DA7F6A3-2FBF-4C29-A0C7-8BB4C4F752EB}.Release|Any CPU.Build.0 = Release|Any CPU
		{28A72BEB-0155-40F3-8C0C-ACDB443B7BEB}.Debug|Any CPU.ActiveCfg = Debug|Any CPU
		{28A72BEB-0155-40F3-8C0C-ACDB443B7BEB}.Debug|Any CPU.Build.0 = Debug|Any CPU
		{28A72BEB-0155-40F3-8C0C-ACDB443B7BEB}.Release|Any CPU.ActiveCfg = Release|Any CPU
		{28A72BEB-0155-40F3-8C0C-ACDB443B7BEB}.Release|Any CPU.Build.0 = Release|Any CPU
		{BFA698EA-B951-468B-9F7C-CD63CE9F5494}.Debug|Any CPU.ActiveCfg = Debug|Any CPU
		{BFA698EA-B951-468B-9F7C-CD63CE9F5494}.Debug|Any CPU.Build.0 = Debug|Any CPU
		{BFA698EA-B951-468B-9F7C-CD63CE9F5494}.Release|Any CPU.ActiveCfg = Release|Any CPU
		{BFA698EA-B951-468B-9F7C-CD63CE9F5494}.Release|Any CPU.Build.0 = Release|Any CPU
		{3DCE037A-78D3-41C5-A36C-CA73A52540FC}.Debug|Any CPU.ActiveCfg = Debug|Any CPU
		{3DCE037A-78D3-41C5-A36C-CA73A52540FC}.Debug|Any CPU.Build.0 = Debug|Any CPU
		{3DCE037A-78D3-41C5-A36C-CA73A52540FC}.Release|Any CPU.ActiveCfg = Release|Any CPU
		{3DCE037A-78D3-41C5-A36C-CA73A52540FC}.Release|Any CPU.Build.0 = Release|Any CPU
		{11400B13-AE70-4261-8EE0-F1C2DFFF4AB2}.Debug|Any CPU.ActiveCfg = Debug|Any CPU
		{11400B13-AE70-4261-8EE0-F1C2DFFF4AB2}.Debug|Any CPU.Build.0 = Debug|Any CPU
		{11400B13-AE70-4261-8EE0-F1C2DFFF4AB2}.Release|Any CPU.ActiveCfg = Release|Any CPU
		{11400B13-AE70-4261-8EE0-F1C2DFFF4AB2}.Release|Any CPU.Build.0 = Release|Any CPU
		{466CD852-AEEC-449D-A9F4-DFF8921B67CA}.Debug|Any CPU.ActiveCfg = Debug|Any CPU
		{466CD852-AEEC-449D-A9F4-DFF8921B67CA}.Debug|Any CPU.Build.0 = Debug|Any CPU
		{466CD852-AEEC-449D-A9F4-DFF8921B67CA}.Release|Any CPU.ActiveCfg = Release|Any CPU
		{466CD852-AEEC-449D-A9F4-DFF8921B67CA}.Release|Any CPU.Build.0 = Release|Any CPU
		{B3FA72E9-5CB0-4292-A1C3-01F2D5B290AD}.Debug|Any CPU.ActiveCfg = Debug|Any CPU
		{B3FA72E9-5CB0-4292-A1C3-01F2D5B290AD}.Debug|Any CPU.Build.0 = Debug|Any CPU
		{B3FA72E9-5CB0-4292-A1C3-01F2D5B290AD}.Release|Any CPU.ActiveCfg = Release|Any CPU
		{B3FA72E9-5CB0-4292-A1C3-01F2D5B290AD}.Release|Any CPU.Build.0 = Release|Any CPU
		{2D7423D9-F8B3-4532-A3E6-CA1B8F29FE2D}.Debug|Any CPU.ActiveCfg = Debug|Any CPU
		{2D7423D9-F8B3-4532-A3E6-CA1B8F29FE2D}.Debug|Any CPU.Build.0 = Debug|Any CPU
		{2D7423D9-F8B3-4532-A3E6-CA1B8F29FE2D}.Release|Any CPU.ActiveCfg = Release|Any CPU
		{2D7423D9-F8B3-4532-A3E6-CA1B8F29FE2D}.Release|Any CPU.Build.0 = Release|Any CPU
		{516D14AE-2616-4E41-A47D-BDC87517AD63}.Debug|Any CPU.ActiveCfg = Debug|Any CPU
		{516D14AE-2616-4E41-A47D-BDC87517AD63}.Debug|Any CPU.Build.0 = Debug|Any CPU
		{516D14AE-2616-4E41-A47D-BDC87517AD63}.Release|Any CPU.ActiveCfg = Release|Any CPU
		{516D14AE-2616-4E41-A47D-BDC87517AD63}.Release|Any CPU.Build.0 = Release|Any CPU
		{2F2E405E-C017-4A1A-BD12-D97C5CA5F859}.Debug|Any CPU.ActiveCfg = Debug|Any CPU
		{2F2E405E-C017-4A1A-BD12-D97C5CA5F859}.Debug|Any CPU.Build.0 = Debug|Any CPU
		{2F2E405E-C017-4A1A-BD12-D97C5CA5F859}.Release|Any CPU.ActiveCfg = Release|Any CPU
		{2F2E405E-C017-4A1A-BD12-D97C5CA5F859}.Release|Any CPU.Build.0 = Release|Any CPU
		{9ADFC58E-FDAF-488C-B479-5DC7B5B47F1B}.Debug|Any CPU.ActiveCfg = Debug|Any CPU
		{9ADFC58E-FDAF-488C-B479-5DC7B5B47F1B}.Debug|Any CPU.Build.0 = Debug|Any CPU
		{9ADFC58E-FDAF-488C-B479-5DC7B5B47F1B}.Release|Any CPU.ActiveCfg = Release|Any CPU
		{9ADFC58E-FDAF-488C-B479-5DC7B5B47F1B}.Release|Any CPU.Build.0 = Release|Any CPU
		{E25B5F7E-430B-46D0-B0A2-7F461DAC4A3D}.Debug|Any CPU.ActiveCfg = Debug|Any CPU
		{E25B5F7E-430B-46D0-B0A2-7F461DAC4A3D}.Debug|Any CPU.Build.0 = Debug|Any CPU
		{E25B5F7E-430B-46D0-B0A2-7F461DAC4A3D}.Release|Any CPU.ActiveCfg = Release|Any CPU
		{E25B5F7E-430B-46D0-B0A2-7F461DAC4A3D}.Release|Any CPU.Build.0 = Release|Any CPU
		{D7DD64C2-A617-41ED-84FF-53204DD2416C}.Debug|Any CPU.ActiveCfg = Debug|Any CPU
		{D7DD64C2-A617-41ED-84FF-53204DD2416C}.Debug|Any CPU.Build.0 = Debug|Any CPU
		{D7DD64C2-A617-41ED-84FF-53204DD2416C}.Release|Any CPU.ActiveCfg = Release|Any CPU
		{D7DD64C2-A617-41ED-84FF-53204DD2416C}.Release|Any CPU.Build.0 = Release|Any CPU
		{268A277D-4DC7-43C3-9B8C-231A430E12D7}.Debug|Any CPU.ActiveCfg = Debug|Any CPU
		{268A277D-4DC7-43C3-9B8C-231A430E12D7}.Debug|Any CPU.Build.0 = Debug|Any CPU
		{268A277D-4DC7-43C3-9B8C-231A430E12D7}.Release|Any CPU.ActiveCfg = Release|Any CPU
		{268A277D-4DC7-43C3-9B8C-231A430E12D7}.Release|Any CPU.Build.0 = Release|Any CPU
		{17496E0E-C31B-4CEE-8BEF-E049AF0F0649}.Debug|Any CPU.ActiveCfg = Debug|Any CPU
		{17496E0E-C31B-4CEE-8BEF-E049AF0F0649}.Debug|Any CPU.Build.0 = Debug|Any CPU
		{17496E0E-C31B-4CEE-8BEF-E049AF0F0649}.Release|Any CPU.ActiveCfg = Release|Any CPU
		{17496E0E-C31B-4CEE-8BEF-E049AF0F0649}.Release|Any CPU.Build.0 = Release|Any CPU
		{0ACE6326-3C81-42EE-90EE-5F39E54BFE31}.Debug|Any CPU.ActiveCfg = Debug|Any CPU
		{0ACE6326-3C81-42EE-90EE-5F39E54BFE31}.Debug|Any CPU.Build.0 = Debug|Any CPU
		{0ACE6326-3C81-42EE-90EE-5F39E54BFE31}.Release|Any CPU.ActiveCfg = Release|Any CPU
		{0ACE6326-3C81-42EE-90EE-5F39E54BFE31}.Release|Any CPU.Build.0 = Release|Any CPU
		{37F5FDC2-E64C-4E6F-BD7D-850EEA708B4B}.Debug|Any CPU.ActiveCfg = Debug|Any CPU
		{37F5FDC2-E64C-4E6F-BD7D-850EEA708B4B}.Debug|Any CPU.Build.0 = Debug|Any CPU
		{37F5FDC2-E64C-4E6F-BD7D-850EEA708B4B}.Release|Any CPU.ActiveCfg = Release|Any CPU
		{37F5FDC2-E64C-4E6F-BD7D-850EEA708B4B}.Release|Any CPU.Build.0 = Release|Any CPU
		{4DE7FF85-C7A6-4CF8-BD2F-59F96B282E43}.Debug|Any CPU.ActiveCfg = Debug|Any CPU
		{4DE7FF85-C7A6-4CF8-BD2F-59F96B282E43}.Debug|Any CPU.Build.0 = Debug|Any CPU
		{4DE7FF85-C7A6-4CF8-BD2F-59F96B282E43}.Release|Any CPU.ActiveCfg = Release|Any CPU
		{4DE7FF85-C7A6-4CF8-BD2F-59F96B282E43}.Release|Any CPU.Build.0 = Release|Any CPU
	EndGlobalSection
	GlobalSection(NestedProjects) = preSolution
		{F1F0831A-441A-4EE3-9996-29894441EE30} = {96272DB3-882B-400C-9FA7-069D94685F9E}
		{FB306E61-104C-4BE4-BA78-5BD7D40A49CB} = {96272DB3-882B-400C-9FA7-069D94685F9E}
		{E01A0433-AD99-43ED-BFBF-7195CCF6F5B5} = {96272DB3-882B-400C-9FA7-069D94685F9E}
		{9DA7F6A3-2FBF-4C29-A0C7-8BB4C4F752EB} = {96272DB3-882B-400C-9FA7-069D94685F9E}
		{28A72BEB-0155-40F3-8C0C-ACDB443B7BEB} = {6299976C-EEB0-4E65-A6D5-231BF67BEC95}
		{BFA698EA-B951-468B-9F7C-CD63CE9F5494} = {0958E13B-0E25-445A-9743-10155ECDA767}
		{3DCE037A-78D3-41C5-A36C-CA73A52540FC} = {8DF92865-FBE1-44EA-B42B-4A0B97FC26E0}
		{8DF92865-FBE1-44EA-B42B-4A0B97FC26E0} = {F048EF94-70B7-46BE-85BE-A1059E68FD4B}
		{6299976C-EEB0-4E65-A6D5-231BF67BEC95} = {F048EF94-70B7-46BE-85BE-A1059E68FD4B}
		{0958E13B-0E25-445A-9743-10155ECDA767} = {F048EF94-70B7-46BE-85BE-A1059E68FD4B}
		{96272DB3-882B-400C-9FA7-069D94685F9E} = {F048EF94-70B7-46BE-85BE-A1059E68FD4B}
		{466CD852-AEEC-449D-A9F4-DFF8921B67CA} = {8DF92865-FBE1-44EA-B42B-4A0B97FC26E0}
		{B3FA72E9-5CB0-4292-A1C3-01F2D5B290AD} = {8DF92865-FBE1-44EA-B42B-4A0B97FC26E0}
		{2D7423D9-F8B3-4532-A3E6-CA1B8F29FE2D} = {0958E13B-0E25-445A-9743-10155ECDA767}
		{516D14AE-2616-4E41-A47D-BDC87517AD63} = {0958E13B-0E25-445A-9743-10155ECDA767}
		{2F2E405E-C017-4A1A-BD12-D97C5CA5F859} = {0958E13B-0E25-445A-9743-10155ECDA767}
		{9ADFC58E-FDAF-488C-B479-5DC7B5B47F1B} = {0958E13B-0E25-445A-9743-10155ECDA767}
		{E25B5F7E-430B-46D0-B0A2-7F461DAC4A3D} = {96272DB3-882B-400C-9FA7-069D94685F9E}
		{D7DD64C2-A617-41ED-84FF-53204DD2416C} = {6299976C-EEB0-4E65-A6D5-231BF67BEC95}
		{268A277D-4DC7-43C3-9B8C-231A430E12D7} = {6299976C-EEB0-4E65-A6D5-231BF67BEC95}
		{17496E0E-C31B-4CEE-8BEF-E049AF0F0649} = {6299976C-EEB0-4E65-A6D5-231BF67BEC95}
		{0ACE6326-3C81-42EE-90EE-5F39E54BFE31} = {8DF92865-FBE1-44EA-B42B-4A0B97FC26E0}
		{11400B13-AE70-4261-8EE0-F1C2DFFF4AB2} = {712DEB21-2D87-4911-9337-E3573BDD8833}
		{37F5FDC2-E64C-4E6F-BD7D-850EEA708B4B} = {8DF92865-FBE1-44EA-B42B-4A0B97FC26E0}
		{4DE7FF85-C7A6-4CF8-BD2F-59F96B282E43} = {6299976C-EEB0-4E65-A6D5-231BF67BEC95}
	EndGlobalSection
EndGlobal
